dependencies:
  bblanchon/arduinojson:
    component_hash: 5e6aff2bc5bc988b36c8e90c01e637495ee895ad3af93911860c21ec6da79b6a
    dependencies: []
    source:
      registry_url: https://components.espressif.com/
      type: service
    version: 7.4.3
  esp32async/asynctcp:
    component_hash: 8144c96a27b593d1781e6e060f5e2e509989c28c013ad75d9c3087f6462ecaac
    dependencies: []
    source:
      registry_url: https://components.espressif.com/
      type: service
    version: 3.4.91
  esphome/dlms_parser:
    component_hash: 9d9ab0689318f05ce387b95ead0df4c6de5ecebdaaf815f7372ef56a04ba8466
    dependencies: []
    source:
      registry_url: https://components.espressif.com/
      type: service
    version: 1.1.0
  esphome/esp-audio-libs:
    component_hash: 7e554555cce160b406ad6280f6efa9f0e10fceb1bd69ceb70b7e5fd3135b500a
    dependencies: []
    source:
      registry_url: https://components.espressif.com/
      type: service
    version: 3.2.1
  esphome/esp-hub75:
    component_hash: 7068e36d8d92b8e46b532f963518bf01af919fa631811fb91563f32fae2eb839
    dependencies:
    - name: idf
      require: private
      version: '>=4.4.0'
    source:
      registry_url: https://components.espressif.com/
      type: service
    targets:
    - esp32
    - esp32s2
    - esp32s3
    - esp32c6
    - esp32p4
    version: 0.3.5
  esphome/esp-micro-speech-features:
    component_hash: 2b720b4ed49fa9df14b24f35fd3ec8a012eddde1c8dd4709448e36a581eebd3e
    dependencies:
    - name: idf
      require: private
      version: '>=4.4'
    source:
      registry_url: https://components.espressif.com/
      type: service
    version: 1.2.3
  esphome/micro-decoder:
    component_hash: b8fccf359374b82fb96b18879a38866ddebfd227bf195fbe775911f309a2f408
    dependencies:
    - name: esphome/micro-flac
      registry_url: https://components.espressif.com
      require: private
      rules:
      - if: $CONFIG{MICRO_DECODER_CODEC_FLAC} == True
      version: '>=0.1.1'
    - name: esphome/micro-mp3
      registry_url: https://components.espressif.com
      require: private
      rules:
      - if: $CONFIG{MICRO_DECODER_CODEC_MP3} == True
      version: '>=0.2.0'
    - name: esphome/micro-opus
      registry_url: https://components.espressif.com
      require: private
      rules:
      - if: $CONFIG{MICRO_DECODER_CODEC_OPUS} == True
      version: '>=0.3.5'
    - name: esphome/micro-wav
      registry_url: https://components.espressif.com
      require: private
      rules:
      - if: $CONFIG{MICRO_DECODER_CODEC_WAV} == True
      version: '>=0.1.0'
    - name: idf
      require: private
      version: '>=5.5'
    source:
      registry_url: https://components.espressif.com/
      type: service
    version: 0.2.0
  esphome/micro-flac:
    component_hash: d2e75ea77eaa45b83ed4ba968040957b27f53a7344b04d1c27495321b95bd44e
    dependencies:
    - name: idf
      require: private
      version: '>=4.4'
    source:
      registry_url: https://components.espressif.com/
      type: service
    version: 0.2.0
  esphome/micro-mp3:
    component_hash: 51106d6a6ef13d37b598aa06b4a4de39249319110f990950eb123203a9e2eb6d
    dependencies:
    - name: idf
      require: private
      version: '>=4.4'
    source:
      registry_url: https://components.espressif.com/
      type: service
    version: 0.4.0
  esphome/micro-opus:
    component_hash: c4cec51b6e45b9b660bf8725a10c65f46485ff8b37ff664e4da3fd738301c71e
    dependencies:
    - name: idf
      require: private
      version: '>=4.4'
    source:
      registry_url: https://components.espressif.com/
      type: service
    version: 0.4.1
  esphome/micro-wav:
    component_hash: e06aa5757ed7477baee030ee56f2eb479b5a39b2de3759d7dac17bdd47502d70
    dependencies:
    - name: idf
      require: private
      version: '>=4.4'
    source:
      registry_url: https://components.espressif.com/
      type: service
    version: 0.2.0
  espressif/eppp_link:
    component_hash: 04f7f31868b8ae6014c96132740a192d09611a6e46aaa7038c865ffc7e26b38f
    dependencies:
    - name: espressif/esp_serial_slave_link
      registry_url: https://components.espressif.com
      require: private
      version: ^1.1.0
    - name: idf
      require: private
      version: '>=5.2'
    source:
      registry_url: https://components.espressif.com/
      type: service
    version: 1.1.5
  espressif/esp-dsp:
    component_hash: 939e9c053487d6e7b7320a5cb761b2200e4b331730d6721668755ef76ab9f067
    dependencies:
    - name: idf
      require: private
      version: '>=4.2'
    source:
      registry_url: https://components.espressif.com/
      type: service
    version: 1.7.1
  espressif/esp-nn:
    component_hash: e98a7dd3dfde460b1b4ca982e2ebae0b4831719a8e4659d19c145943deaf682b
    dependencies:
    - name: idf
      require: private
      version: '>=4.2'
    source:
      registry_url: https://components.espressif.com
      type: service
    version: 1.2.3
  espressif/esp-tflite-micro:
    component_hash: 78502e833b227ec15b917222ed046df1a46f2e5d3593d2a77a162012fa9a1aa0
    dependencies:
    - name: espressif/esp-nn
      registry_url: https://components.espressif.com
      require: private
      version: ^1.1.0
    - name: idf
      require: private
      version: '>=4.4'
    source:
      registry_url: https://components.espressif.com/
      type: service
    version: 1.3.3~1
  espressif/esp32-camera:
    component_hash: bc9c8a6b51df777a014fa295825b3de5069bc0300c317acff20c97cf4a10ac7d
    dependencies:
    - name: espressif/esp_jpeg
      registry_url: https://components.espressif.com
      require: public
      version: ^1.3.1
    - name: idf
      require: private
      version: '>=5.1'
    source:
      registry_url: https://components.espressif.com/
      type: service
    version: 2.1.7
  espressif/esp_h264:
    component_hash: 7599170f185871bfde69aa0213dfc7f12d45e7dedfd85247be08d6decd34e476
    dependencies:
    - name: idf
      require: private
      version: '>=4.4'
    source:
      registry_url: https://components.espressif.com/
      type: service
    targets:
    - esp32s3
    - esp32p4
    version: 1.1.2
  espressif/esp_hosted:
    component_hash: 59c68fc3a8f25388b9a239ddec5f7bc81e6310d51108db1688e129e791450c31
    dependencies:
    - name: idf
      require: private
      version: '>=5.3'
    source:
      registry_url: https://components.espressif.com/
      type: service
    version: 2.12.9
  espressif/esp_jpeg:
    component_hash: defb83669293cbf86d0fa86b475ba5517aceed04ed70db435388c151ab37b5d7
    dependencies:
    - name: idf
      require: private
      version: '>=5.0'
    source:
      registry_url: https://components.espressif.com/
      type: service
    version: 1.3.1
  espressif/esp_serial_slave_link:
    component_hash: ac1776806de0a6e371c84e87898bb983e19ce62aa7f1e2e5c4a3b0234a575d2c
    dependencies:
    - name: idf
      require: private
      version: '>=5.0'
    source:
      registry_url: https://components.espressif.com
      type: service
    version: 1.1.2
  espressif/esp_tinyusb:
    component_hash: 9a73a76a6bc17907f6e523342ff6b1e440023e8aac2c11f4691212106ec24e66
    dependencies:
    - name: idf
      require: private
      version: '>=5.0'
    - name: espressif/tinyusb
      registry_url: https://components.espressif.com
      require: public
      version: '>=0.17.0~2'
    source:
      registry_url: https://components.espressif.com/
      type: service
    targets:
    - esp32s2
    - esp32s3
    - esp32p4
    - esp32h4
    - esp32s31
    version: 2.2.1
  espressif/esp_websocket_client:
    component_hash: 3fb288702517ef4d75bf933a115f1056ee0c2540d964f9e1d856e0bb67e1dfeb
    dependencies:
    - name: idf
      require: private
      version: '>=5.0'
    source:
      registry_url: https://components.espressif.com
      type: service
    version: 1.7.0
  espressif/esp_wifi_remote:
    component_hash: 4ad3e3ec9ce7d26fde1ccd2b550b88952cc96ac089a06e0247f69d005cc31e1f
    dependencies:
    - name: espressif/esp_hosted
      registry_url: https://components.espressif.com
      require: private
      rules:
      - if: target in [esp32h2, esp32p4]
      version: '>=2.11'
    - name: espressif/wifi_remote_over_eppp
      registry_url: https://components.espressif.com
      require: private
      version: '>=0.1'
    - name: idf
      require: private
      version: '>=5.3'
    source:
      registry_url: https://components.espressif.com/
      type: service
    version: 1.5.1
  espressif/lan867x:
    component_hash: 651c9d6e3d96acb08bd5066144b12a12e94df0a6241127a0538d8680689de2c4
    dependencies:
    - name: espressif/lan86xx_common
      registry_url: https://components.espressif.com
      require: private
      version: '*'
    - name: idf
      require: private
      version: '>=5.3'
    source:
      registry_url: https://components.espressif.com/
      type: service
    targets:
    - esp32
    - esp32p4
    version: 2.0.0
  espressif/lan86xx_common:
    component_hash: 1045dc16e9eaa23c8f94ebd012e4ccc9087e85323c39f870b116391f27196914
    dependencies:
    - name: idf
      require: private
      version: '>=5.2'
    source:
      registry_url: https://components.espressif.com
      type: service
    version: 1.0.1
  espressif/mdns:
    component_hash: 1ebe3bd675bb9d1c58f52bc0b609b32f74e572b01c328f9e61282040c775495c
    dependencies:
    - name: idf
      require: private
      version: '>=5.0'
    source:
      registry_url: https://components.espressif.com/
      type: service
    version: 1.11.0
  espressif/tinyusb:
    component_hash: a40b7f67df6ac254a4afd96c6401cc56f2059ae747d6d7e66b568bca53ad0edc
    dependencies:
    - name: idf
      require: private
      version: '>=5.0'
    source:
      registry_url: https://components.espressif.com
      type: service
    targets:
    - esp32s2
    - esp32s3
    - esp32p4
    - esp32h4
    - esp32s31
    version: 0.19.0~3
  espressif/wifi_remote_over_eppp:
    component_hash: 06d8bc15348bbd21f1390daace36ed5adcf6026c93c5b69decc55fa04df2711a
    dependencies:
    - name: idf
      require: private
      version: '>=5.3'
    - name: espressif/eppp_link
      registry_url: https://components.espressif.com
      require: private
      version: '>=0.1'
    source:
      registry_url: https://components.espressif.com/
      type: service
    version: 0.3.2
  idf:
    source:
      type: idf
    version: 5.5.4
  lvgl/lvgl:
    component_hash: 184e532558c1c45fefed631f3e235423d22582aafb4630f3e8885c35281a49ae
    dependencies: []
    source:
      registry_url: https://components.espressif.com/
      type: service
    version: 9.5.0
  sendspin/sendspin-cpp:
    component_hash: ed8e947845a31f3846feaf1941f87250e45f9741822fbecc08e9fcaa2fdf5a84
    dependencies:
    - name: bblanchon/arduinojson
      registry_url: https://components.espressif.com
      require: private
      version: '>=7.4.2'
    - name: esphome/micro-flac
      registry_url: https://components.espressif.com
      require: private
      rules:
      - if: $CONFIG{SENDSPIN_ENABLE_PLAYER} == True
      version: '>=0.1.1'
    - name: esphome/micro-opus
      registry_url: https://components.espressif.com
      require: private
      rules:
      - if: $CONFIG{SENDSPIN_ENABLE_PLAYER} == True
      version: '>=0.3.5'
    - name: espressif/esp_websocket_client
      registry_url: https://components.espressif.com
      require: private
      version: '>=1.0.0'
    - name: idf
      require: private
      version: '>=5.5'
    source:
      registry_url: https://components.espressif.com/
      type: service
    version: 0.6.1
  zorxx/multipart-parser:
    component_hash: a80b98bbdd530829b5a4df54cd8332a265ef4d310392562cf37d4cac548c5fd2
    dependencies: []
    source:
      registry_url: https://components.espressif.com/
      type: service
    version: 1.0.1
direct_dependencies:
- bblanchon/arduinojson
- esp32async/asynctcp
- esphome/dlms_parser
- esphome/esp-audio-libs
- esphome/esp-hub75
- esphome/esp-micro-speech-features
- esphome/micro-decoder
- esphome/micro-flac
- esphome/micro-mp3
- esphome/micro-opus
- esphome/micro-wav
- espressif/eppp_link
- espressif/esp-dsp
- espressif/esp-tflite-micro
- espressif/esp32-camera
- espressif/esp_h264
- espressif/esp_hosted
- espressif/esp_jpeg
- espressif/esp_tinyusb
- espressif/esp_wifi_remote
- espressif/lan867x
- espressif/mdns
- espressif/wifi_remote_over_eppp
- lvgl/lvgl
- sendspin/sendspin-cpp
- zorxx/multipart-parser
manifest_hash: f075ba5ec6878c919ce1787b57b64497368a826f00b545a6ebcb2582af768a3f
target: esp32p4
version: 2.0.0
